
Microsoft Visual Studio Solution File, Format Version 12.00
# Visual Studio 15
VisualStudioVersion = 15.0.28307.421
MinimumVisualStudioVersion = 10.0.40219.1
Project("{FAE04EC0-301F-11D3-BF4B-00C04F79EFBC}") = "RegistrationForm", "RegistrationForm\RegistrationForm.csproj", "{DFB4DCAB-0CE6-448C-B2E7-E41FB2EB433B}"
EndProject
Global
	GlobalSection(SolutionConfigurationPlatforms) = preSolution
		Debug|Any CPU = Debug|Any CPU
		Release|Any CPU = Release|Any CPU
	EndGlobalSection
	GlobalSection(ProjectConfigurationPlatforms) = postSolution
		{DFB4DCAB-0CE6-448C-B2E7-E41FB2EB433B}.Debug|Any CPU.ActiveCfg = Debug|Any CPU
		{DFB4DCAB-0CE6-448C-B2E7-E41FB2EB433B}.Debug|Any CPU.Build.0 = Debug|Any CPU
		{DFB4DCAB-0CE6-448C-B2E7-E41FB2EB433B}.Release|Any CPU.ActiveCfg = Release|Any CPU
		{DFB4DCAB-0CE6-448C-B2E7-E41FB2EB433B}.Release|Any CPU.Build.0 = Release|Any CPU
	EndGlobalSection
	GlobalSection(SolutionProperties) = preSolution
		HideSolutionNode = FALSE
	EndGlobalSection
	GlobalSection(ExtensibilityGlobals) = postSolution
		SolutionGuid = {C079CFBB-F54C-45B9-B047-6BBFF18D9F5B}
	EndGlobalSection
EndGlobal
